# @generated by Move, please check-in and do not edit manually.

[move]
version = 3
manifest_digest = "FFB7F5D7F378A65D8378150E05D983EFFDC7D75F289D44D64E29A79DC15E97B6"
deps_digest = "F8BBB0CCB2491CA29A3DF03D6F92277A4F3574266507ACD77214D37ECA3F3082"
dependencies = [
  { id = "Sui", name = "Sui" },
]

[[move.package]]
id = "MoveStdlib"
source = { git = "https://github.com/MystenLabs/sui.git", rev = "framework/testnet", subdir = "crates/sui-framework/packages/move-stdlib" }

[[move.package]]
id = "Sui"
source = { git = "https://github.com/MystenLabs/sui.git", rev = "framework/testnet", subdir = "crates/sui-framework/packages/sui-framework" }

dependencies = [
  { id = "MoveStdlib", name = "MoveStdlib" },
]

[move.toolchain-version]
compiler-version = "1.44.3"
edition = "2024.beta"
flavor = "sui"

[env]

[env.devnet]
chain-id = "4829d9bc"
original-published-id = "0x45d86eb334f15b3a5145c0b7012dae3bf16de58ab4777ae31d184e9baf91c420"
latest-published-id = "0x45d86eb334f15b3a5145c0b7012dae3bf16de58ab4777ae31d184e9baf91c420"
published-version = "1"

[env.testnet-1]
chain-id = "4c78adac"
original-published-id = "0xcf119583badb169bfc9a031ec16fb6a79a5151ff7aa0d229f2a35b798ddcd9d6"
latest-published-id = "0xcf119583badb169bfc9a031ec16fb6a79a5151ff7aa0d229f2a35b798ddcd9d6"
published-version = "1"

[env.mainnet]
chain-id = "35834a8a"
original-published-id = "0x015596db61510363c3341b8a4ede0986fadcb1b5bed70d2586b8e2e7db9538a7"
latest-published-id = "0x015596db61510363c3341b8a4ede0986fadcb1b5bed70d2586b8e2e7db9538a7"
published-version = "1"
